// !$*UTF8*$!
{
	archiveVersion = 1;
	classes = {
	};
	objectVersion = 56;
	objects = {

/* Begin PBXBuildFile section */
		8EDA8CBB2B50F91C00705C9F /* AppDelegate.swift in Sources */ = {isa = PBXBuildFile; fileRef = 8EDA8CBA2B50F91C00705C9F /* AppDelegate.swift */; };
		8EDA8CBD2B50F91C00705C9F /* SceneDelegate.swift in Sources */ = {isa = PBXBuildFile; fileRef = 8EDA8CBC2B50F91C00705C9F /* SceneDelegate.swift */; };
		8EDA8CBF2B50F91C00705C9F /* LoginViewController.swift in Sources */ = {isa = PBXBuildFile; fileRef = 8EDA8CBE2B50F91C00705C9F /* LoginViewController.swift */; };
		8EDA8CC22B50F91C00705C9F /* Main.storyboard in Resources */ = {isa = PBXBuildFile; fileRef = 8EDA8CC02B50F91C00705C9F /* Main.storyboard */; };
		8EDA8CC42B50F91F00705C9F /* Assets.xcassets in Resources */ = {isa = PBXBuildFile; fileRef = 8EDA8CC32B50F91F00705C9F /* Assets.xcassets */; };
		8EDA8CC72B50F91F00705C9F /* LaunchScreen.storyboard in Resources */ = {isa = PBXBuildFile; fileRef = 8EDA8CC52B50F91F00705C9F /* LaunchScreen.storyboard */; };
		8EDA8CD22B50F92000705C9F /* KTVTests.swift in Sources */ = {isa = PBXBuildFile; fileRef = 8EDA8CD12B50F92000705C9F /* KTVTests.swift */; };
		8EDA8CDC2B50F92000705C9F /* KTVUITests.swift in Sources */ = {isa = PBXBuildFile; fileRef = 8EDA8CDB2B50F92000705C9F /* KTVUITests.swift */; };
		8EDA8CDE2B50F92000705C9F /* KTVUITestsLaunchTests.swift in Sources */ = {isa = PBXBuildFile; fileRef = 8EDA8CDD2B50F92000705C9F /* KTVUITestsLaunchTests.swift */; };
/* End PBXBuildFile section */

/* Begin PBXContainerItemProxy section */
		8EDA8CCE2B50F92000705C9F /* PBXContainerItemProxy */ = {
			isa = PBXContainerItemProxy;
			containerPortal = 8EDA8CAF2B50F91C00705C9F /* Project object */;
			proxyType = 1;
			remoteGlobalIDString = 8EDA8CB62B50F91C00705C9F;
			remoteInfo = KTV;
		};
		8EDA8CD82B50F92000705C9F /* PBXContainerItemProxy */ = {
			isa = PBXContainerItemProxy;
			containerPortal = 8EDA8CAF2B50F91C00705C9F /* Project object */;
			proxyType = 1;
			remoteGlobalIDString = 8EDA8CB62B50F91C00705C9F;
			remoteInfo = KTV;
		};
/* End PBXContainerItemProxy section */

/* Begin PBXFileReference section */
		8EDA8CB72B50F91C00705C9F /* KTV.app */ = {isa = PBXFileReference; explicitFileType = wrapper.application; includeInIndex = 0; path = KTV.app; sourceTree = BUILT_PRODUCTS_DIR; };
		8EDA8CBA2B50F91C00705C9F /* AppDelegate.swift */ = {isa = PBXFileReference; lastKnownFileType = sourcecode.swift; path = AppDelegate.swift; sourceTree = "<group>"; };
		8EDA8CBC2B50F91C00705C9F /* SceneDelegate.swift */ = {isa = PBXFileReference; lastKnownFileType = sourcecode.swift; path = SceneDelegate.swift; sourceTree = "<group>"; };
		8EDA8CBE2B50F91C00705C9F /* LoginViewController.swift */ = {isa = PBXFileReference; lastKnownFileType = sourcecode.swift; path = LoginViewController.swift; sourceTree = "<group>"; };
		8EDA8CC12B50F91C00705C9F /* Base */ = {isa = PBXFileReference; lastKnownFileType = file.storyboard; name = Base; path = Base.lproj/Main.storyboard; sourceTree = "<group>"; };
		8EDA8CC32B50F91F00705C9F /* Assets.xcassets */ = {isa = PBXFileReference; lastKnownFileType = folder.assetcatalog; path = Assets.xcassets; sourceTree = "<group>"; };
		8EDA8CC62B50F91F00705C9F /* Base */ = {isa = PBXFileReference; lastKnownFileType = file.storyboard; name = Base; path = Base.lproj/LaunchScreen.storyboard; sourceTree = "<group>"; };
		8EDA8CC82B50F91F00705C9F /* Info.plist */ = {isa = PBXFileReference; lastKnownFileType = text.plist.xml; path = Info.plist; sourceTree = "<group>"; };
		8EDA8CCD2B50F92000705C9F /* KTVTests.xctest */ = {isa = PBXFileReference; explicitFileType = wrapper.cfbundle; includeInIndex = 0; path = KTVTests.xctest; sourceTree = BUILT_PRODUCTS_DIR; };
		8EDA8CD12B50F92000705C9F /* KTVTests.swift */ = {isa = PBXFileReference; lastKnownFileType = sourcecode.swift; path = KTVTests.swift; sourceTree = "<group>"; };
		8EDA8CD72B50F92000705C9F /* KTVUITests.xctest */ = {isa = PBXFileReference; explicitFileType = wrapper.cfbundle; includeInIndex = 0; path = KTVUITests.xctest; sourceTree = BUILT_PRODUCTS_DIR; };
		8EDA8CDB2B50F92000705C9F /* KTVUITests.swift */ = {isa = PBXFileReference; lastKnownFileType = sourcecode.swift; path = KTVUITests.swift; sourceTree = "<group>"; };
		8EDA8CDD2B50F92000705C9F /* KTVUITestsLaunchTests.swift */ = {isa = PBXFileReference; lastKnownFileType = sourcecode.swift; path = KTVUITestsLaunchTests.swift; sourceTree = "<group>"; };
/* End PBXFileReference section */

/* Begin PBXFrameworksBuildPhase section */
		8EDA8CB42B50F91C00705C9F /* Frameworks */ = {
			isa = PBXFrameworksBuildPhase;
			buildActionMask = 2147483647;
			files = (
			);
			runOnlyForDeploymentPostprocessing = 0;
		};
		8EDA8CCA2B50F92000705C9F /* Frameworks */ = {
			isa = PBXFrameworksBuildPhase;
			buildActionMask = 2147483647;
			files = (
			);
			runOnlyForDeploymentPostprocessing = 0;
		};
		8EDA8CD42B50F92000705C9F /* Frameworks */ = {
			isa = PBXFrameworksBuildPhase;
			buildActionMask = 2147483647;
			files = (
			);
			runOnlyForDeploymentPostprocessing = 0;
		};
/* End PBXFrameworksBuildPhase section */

/* Begin PBXGroup section */
		8EDA8CAE2B50F91C00705C9F = {
			isa = PBXGroup;
			children = (
				8EDA8CB92B50F91C00705C9F /* KTV */,
				8EDA8CD02B50F92000705C9F /* KTVTests */,
				8EDA8CDA2B50F92000705C9F /* KTVUITests */,
				8EDA8CB82B50F91C00705C9F /* Products */,
			);
			sourceTree = "<group>";
		};
		8EDA8CB82B50F91C00705C9F /* Products */ = {
			isa = PBXGroup;
			children = (
				8EDA8CB72B50F91C00705C9F /* KTV.app */,
				8EDA8CCD2B50F92000705C9F /* KTVTests.xctest */,
				8EDA8CD72B50F92000705C9F /* KTVUITests.xctest */,
			);
			name = Products;
			sourceTree = "<group>";
		};
		8EDA8CB92B50F91C00705C9F /* KTV */ = {
			isa = PBXGroup;
			children = (
				8EDA8CBA2B50F91C00705C9F /* AppDelegate.swift */,
				8EDA8CBC2B50F91C00705C9F /* SceneDelegate.swift */,
				8EDA8CBE2B50F91C00705C9F /* LoginViewController.swift */,
				8EDA8CC02B50F91C00705C9F /* Main.storyboard */,
				8EDA8CC32B50F91F00705C9F /* Assets.xcassets */,
				8EDA8CC52B50F91F00705C9F /* LaunchScreen.storyboard */,
				8EDA8CC82B50F91F00705C9F /* Info.plist */,
			);
			path = KTV;
			sourceTree = "<group>";
		};
		8EDA8CD02B50F92000705C9F /* KTVTests */ = {
			isa = PBXGroup;
			children = (
				8EDA8CD12B50F92000705C9F /* KTVTests.swift */,
			);
			path = KTVTests;
			sourceTree = "<group>";
		};
		8EDA8CDA2B50F92000705C9F /* KTVUITests */ = {
			isa = PBXGroup;
			children = (
				8EDA8CDB2B50F92000705C9F /* KTVUITests.swift */,
				8EDA8CDD2B50F92000705C9F /* KTVUITestsLaunchTests.swift */,
			);
			path = KTVUITests;
			sourceTree = "<group>";
		};
/* End PBXGroup section */

/* Begin PBXNativeTarget section */
		8EDA8CB62B50F91C00705C9F /* KTV */ = {
			isa = PBXNativeTarget;
			buildConfigurationList = 8EDA8CE12B50F92000705C9F /* Build configuration list for PBXNativeTarget "KTV" */;
			buildPhases = (
				8EDA8CB32B50F91C00705C9F /* Sources */,
				8EDA8CB42B50F91C00705C9F /* Frameworks */,
				8EDA8CB52B50F91C00705C9F /* Resources */,
			);
			buildRules = (
			);
			dependencies = (
			);
			name = KTV;
			productName = KTV;
			productReference = 8EDA8CB72B50F91C00705C9F /* KTV.app */;
			productType = "com.apple.product-type.application";
		};
		8EDA8CCC2B50F92000705C9F /* KTVTests */ = {
			isa = PBXNativeTarget;
			buildConfigurationList = 8EDA8CE42B50F92000705C9F /* Build configuration list for PBXNativeTarget "KTVTests" */;
			buildPhases = (
				8EDA8CC92B50F92000705C9F /* Sources */,
				8EDA8CCA2B50F92000705C9F /* Frameworks */,
				8EDA8CCB2B50F92000705C9F /* Resources */,
			);
			buildRules = (
			);
			dependencies = (
				8EDA8CCF2B50F92000705C9F /* PBXTargetDependency */,
			);
			name = KTVTests;
			productName = KTVTests;
			productReference = 8EDA8CCD2B50F92000705C9F /* KTVTests.xctest */;
			productType = "com.apple.product-type.bundle.unit-test";
		};
		8EDA8CD62B50F92000705C9F /* KTVUITests */ = {
			isa = PBXNativeTarget;
			buildConfigurationList = 8EDA8CE72B50F92000705C9F /* Build configuration list for PBXNativeTarget "KTVUITests" */;
			buildPhases = (
				8EDA8CD32B50F92000705C9F /* Sources */,
				8EDA8CD42B50F92000705C9F /* Frameworks */,
				8EDA8CD52B50F92000705C9F /* Resources */,
			);
			buildRules = (
			);
			dependencies = (
				8EDA8CD92B50F92000705C9F /* PBXTargetDependency */,
			);
			name = KTVUITests;
			productName = KTVUITests;
			productReference = 8EDA8CD72B50F92000705C9F /* KTVUITests.xctest */;
			productType = "com.apple.product-type.bundle.ui-testing";
		};
/* End PBXNativeTarget section */

/* Begin PBXProject section */
		8EDA8CAF2B50F91C00705C9F /* Project object */ = {
			isa = PBXProject;
			attributes = {
				BuildIndependentTargetsInParallel = 1;
				LastSwiftUpdateCheck = 1520;
				LastUpgradeCheck = 1520;
				TargetAttributes = {
					8EDA8CB62B50F91C00705C9F = {
						CreatedOnToolsVersion = 15.2;
					};
					8EDA8CCC2B50F92000705C9F = {
						CreatedOnToolsVersion = 15.2;
						TestTargetID = 8EDA8CB62B50F91C00705C9F;
					};
					8EDA8CD62B50F92000705C9F = {
						CreatedOnToolsVersion = 15.2;
						TestTargetID = 8EDA8CB62B50F91C00705C9F;
					};
				};
			};
			buildConfigurationList = 8EDA8CB22B50F91C00705C9F /* Build configuration list for PBXProject "KTV" */;
			compatibilityVersion = "Xcode 14.0";
			developmentRegion = en;
			hasScannedForEncodings = 0;
			knownRegions = (
				en,
				Base,
			);
			mainGroup = 8EDA8CAE2B50F91C00705C9F;
			productRefGroup = 8EDA8CB82B50F91C00705C9F /* Products */;
			projectDirPath = "";
			projectRoot = "";
			targets = (
				8EDA8CB62B50F91C00705C9F /* KTV */,
				8EDA8CCC2B50F92000705C9F /* KTVTests */,
				8EDA8CD62B50F92000705C9F /* KTVUITests */,
			);
		};
/* End PBXProject section */

/* Begin PBXResourcesBuildPhase section */
		8EDA8CB52B50F91C00705C9F /* Resources */ = {
			isa = PBXResourcesBuildPhase;
			buildActionMask = 2147483647;
			files = (
				8EDA8CC72B50F91F00705C9F /* LaunchScreen.storyboard in Resources */,
				8EDA8CC42B50F91F00705C9F /* Assets.xcassets in Resources */,
				8EDA8CC22B50F91C00705C9F /* Main.storyboard in Resources */,
			);
			runOnlyForDeploymentPostprocessing = 0;
		};
		8EDA8CCB2B50F92000705C9F /* Resources */ = {
			isa = PBXResourcesBuildPhase;
			buildActionMask = 2147483647;
			files = (
			);
			runOnlyForDeploymentPostprocessing = 0;
		};
		8EDA8CD52B50F92000705C9F /* Resources */ = {
			isa = PBXResourcesBuildPhase;
			buildActionMask = 2147483647;
			files = (
			);
			runOnlyForDeploymentPostprocessing = 0;
		};
/* End PBXResourcesBuildPhase section */

/* Begin PBXSourcesBuildPhase section */
		8EDA8CB32B50F91C00705C9F /* Sources */ = {
			isa = PBXSourcesBuildPhase;
			buildActionMask = 2147483647;
			files = (
				8EDA8CBF2B50F91C00705C9F /* LoginViewController.swift in Sources */,
				8EDA8CBB2B50F91C00705C9F /* AppDelegate.swift in Sources */,
				8EDA8CBD2B50F91C00705C9F /* SceneDelegate.swift in Sources */,
			);
			runOnlyForDeploymentPostprocessing = 0;
		};
		8EDA8CC92B50F92000705C9F /* Sources */ = {
			isa = PBXSourcesBuildPhase;
			buildActionMask = 2147483647;
			files = (
				8EDA8CD22B50F92000705C9F /* KTVTests.swift in Sources */,
			);
			runOnlyForDeploymentPostprocessing = 0;
		};
		8EDA8CD32B50F92000705C9F /* Sources */ = {
			isa = PBXSourcesBuildPhase;
			buildActionMask = 2147483647;
			files = (
				8EDA8CDE2B50F92000705C9F /* KTVUITestsLaunchTests.swift in Sources */,
				8EDA8CDC2B50F92000705C9F /* KTVUITests.swift in Sources */,
			);
			runOnlyForDeploymentPostprocessing = 0;
		};
/* End PBXSourcesBuildPhase section */

/* Begin PBXTargetDependency section */
		8EDA8CCF2B50F92000705C9F /* PBXTargetDependency */ = {
			isa = PBXTargetDependency;
			target = 8EDA8CB62B50F91C00705C9F /* KTV */;
			targetProxy = 8EDA8CCE2B50F92000705C9F /* PBXContainerItemProxy */;
		};
		8EDA8CD92B50F92000705C9F /* PBXTargetDependency */ = {
			isa = PBXTargetDependency;
			target = 8EDA8CB62B50F91C00705C9F /* KTV */;
			targetProxy = 8EDA8CD82B50F92000705C9F /* PBXContainerItemProxy */;
		};
/* End PBXTargetDependency section */

/* Begin PBXVariantGroup section */
		8EDA8CC02B50F91C00705C9F /* Main.storyboard */ = {
			isa = PBXVariantGroup;
			children = (
				8EDA8CC12B50F91C00705C9F /* Base */,
			);
			name = Main.storyboard;
			sourceTree = "<group>";
		};
		8EDA8CC52B50F91F00705C9F /* LaunchScreen.storyboard */ = {
			isa = PBXVariantGroup;
			children = (
				8EDA8CC62B50F91F00705C9F /* Base */,
			);
			name = LaunchScreen.storyboard;
			sourceTree = "<group>";
		};
/* End PBXVariantGroup section */

/* Begin XCBuildConfiguration section */
		8EDA8CDF2B50F92000705C9F /* Debug */ = {
			isa = XCBuildConfiguration;
			buildSettings = {
				ALWAYS_SEARCH_USER_PATHS = NO;
				ASSETCATALOG_COMPILER_GENERATE_SWIFT_ASSET_SYMBOL_EXTENSIONS = YES;
				CLANG_ANALYZER_NONNULL = YES;
				CLANG_ANALYZER_NUMBER_OBJECT_CONVERSION = YES_AGGRESSIVE;
				CLANG_CXX_LANGUAGE_STANDARD = "gnu++20";
				CLANG_ENABLE_MODULES = YES;
				CLANG_ENABLE_OBJC_ARC = YES;
				CLANG_ENABLE_OBJC_WEAK = YES;
				CLANG_WARN_BLOCK_CAPTURE_AUTORELEASING = YES;
				CLANG_WARN_BOOL_CONVERSION = YES;
				CLANG_WARN_COMMA = YES;
				CLANG_WARN_CONSTANT_CONVERSION = YES;
				CLANG_WARN_DEPRECATED_OBJC_IMPLEMENTATIONS = YES;
				CLANG_WARN_DIRECT_OBJC_ISA_USAGE = YES_ERROR;
				CLANG_WARN_DOCUMENTATION_COMMENTS = YES;
				CLANG_WARN_EMPTY_BODY = YES;
				CLANG_WARN_ENUM_CONVERSION = YES;
				CLANG_WARN_INFINITE_RECURSION = YES;
				CLANG_WARN_INT_CONVERSION = YES;
				CLANG_WARN_NON_LITERAL_NULL_CONVERSION = YES;
				CLANG_WARN_OBJC_IMPLICIT_RETAIN_SELF = YES;
				CLANG_WARN_OBJC_LITERAL_CONVERSION = YES;
				CLANG_WARN_OBJC_ROOT_CLASS = YES_ERROR;
				CLANG_WARN_QUOTED_INCLUDE_IN_FRAMEWORK_HEADER = YES;
				CLANG_WARN_RANGE_LOOP_ANALYSIS = YES;
				CLANG_WARN_STRICT_PROTOTYPES = YES;
				CLANG_WARN_SUSPICIOUS_MOVE = YES;
				CLANG_WARN_UNGUARDED_AVAILABILITY = YES_AGGRESSIVE;
				CLANG_WARN_UNREACHABLE_CODE = YES;
				CLANG_WARN__DUPLICATE_METHOD_MATCH = YES;
				COPY_PHASE_STRIP = NO;
				DEBUG_INFORMATION_FORMAT = dwarf;
				ENABLE_STRICT_OBJC_MSGSEND = YES;
				ENABLE_TESTABILITY = YES;
				ENABLE_USER_SCRIPT_SANDBOXING = YES;
				GCC_C_LANGUAGE_STANDARD = gnu17;
				GCC_DYNAMIC_NO_PIC = NO;
				GCC_NO_COMMON_BLOCKS = YES;
				GCC_OPTIMIZATION_LEVEL = 0;
				GCC_PREPROCESSOR_DEFINITIONS = (
					"DEBUG=1",
					"$(inherited)",
				);
				GCC_WARN_64_TO_32_BIT_CONVERSION = YES;
				GCC_WARN_ABOUT_RETURN_TYPE = YES_ERROR;
				GCC_WARN_UNDECLARED_SELECTOR = YES;
				GCC_WARN_UNINITIALIZED_AUTOS = YES_AGGRESSIVE;
				GCC_WARN_UNUSED_FUNCTION = YES;
				GCC_WARN_UNUSED_VARIABLE = YES;
				IPHONEOS_DEPLOYMENT_TARGET = 17.2;
				LOCALIZATION_PREFERS_STRING_CATALOGS = YES;
				MTL_ENABLE_DEBUG_INFO = INCLUDE_SOURCE;
				MTL_FAST_MATH = YES;
				ONLY_ACTIVE_ARCH = YES;
				SDKROOT = iphoneos;
				SWIFT_ACTIVE_COMPILATION_CONDITIONS = "DEBUG $(inherited)";
				SWIFT_OPTIMIZATION_LEVEL = "-Onone";
			};
			name = Debug;
		};
		8EDA8CE02B50F92000705C9F /* Release */ = {
			isa = XCBuildConfiguration;
			buildSettings = {
				ALWAYS_SEARCH_USER_PATHS = NO;
				ASSETCATALOG_COMPILER_GENERATE_SWIFT_ASSET_SYMBOL_EXTENSIONS = YES;
				CLANG_ANALYZER_NONNULL = YES;
				CLANG_ANALYZER_NUMBER_OBJECT_CONVERSION = YES_AGGRESSIVE;
				CLANG_CXX_LANGUAGE_STANDARD = "gnu++20";
				CLANG_ENABLE_MODULES = YES;
				CLANG_ENABLE_OBJC_ARC = YES;
				CLANG_ENABLE_OBJC_WEAK = YES;
				CLANG_WARN_BLOCK_CAPTURE_AUTORELEASING = YES;
				CLANG_WARN_BOOL_CONVERSION = YES;
				CLANG_WARN_COMMA = YES;
				CLANG_WARN_CONSTANT_CONVERSION = YES;
				CLANG_WARN_DEPRECATED_OBJC_IMPLEMENTATIONS = YES;
				CLANG_WARN_DIRECT_OBJC_ISA_USAGE = YES_ERROR;
				CLANG_WARN_DOCUMENTATION_COMMENTS = YES;
				CLANG_WARN_EMPTY_BODY = YES;
				CLANG_WARN_ENUM_CONVERSION = YES;
				CLANG_WARN_INFINITE_RECURSION = YES;
				CLANG_WARN_INT_CONVERSION = YES;
				CLANG_WARN_NON_LITERAL_NULL_CONVERSION = YES;
				CLANG_WARN_OBJC_IMPLICIT_RETAIN_SELF = YES;
				CLANG_WARN_OBJC_LITERAL_CONVERSION = YES;
				CLANG_WARN_OBJC_ROOT_CLASS = YES_ERROR;
				CLANG_WARN_QUOTED_INCLUDE_IN_FRAMEWORK_HEADER = YES;
				CLANG_WARN_RANGE_LOOP_ANALYSIS = YES;
				CLANG_WARN_STRICT_PROTOTYPES = YES;
				CLANG_WARN_SUSPICIOUS_MOVE = YES;
				CLANG_WARN_UNGUARDED_AVAILABILITY = YES_AGGRESSIVE;
				CLANG_WARN_UNREACHABLE_CODE = YES;
				CLANG_WARN__DUPLICATE_METHOD_MATCH = YES;
				COPY_PHASE_STRIP = NO;
				DEBUG_INFORMATION_FORMAT = "dwarf-with-dsym";
				ENABLE_NS_ASSERTIONS = NO;
				ENABLE_STRICT_OBJC_MSGSEND = YES;
				ENABLE_USER_SCRIPT_SANDBOXING = YES;
				GCC_C_LANGUAGE_STANDARD = gnu17;
				GCC_NO_COMMON_BLOCKS = YES;
				GCC_WARN_64_TO_32_BIT_CONVERSION = YES;
				GCC_WARN_ABOUT_RETURN_TYPE = YES_ERROR;
				GCC_WARN_UNDECLARED_SELECTOR = YES;
				GCC_WARN_UNINITIALIZED_AUTOS = YES_AGGRESSIVE;
				GCC_WARN_UNUSED_FUNCTION = YES;
				GCC_WARN_UNUSED_VARIABLE = YES;
				IPHONEOS_DEPLOYMENT_TARGET = 17.2;
				LOCALIZATION_PREFERS_STRING_CATALOGS = YES;
				MTL_ENABLE_DEBUG_INFO = NO;
				MTL_FAST_MATH = YES;
				SDKROOT = iphoneos;
				SWIFT_COMPILATION_MODE = wholemodule;
				VALIDATE_PRODUCT = YES;
			};
			name = Release;
		};
		8EDA8CE22B50F92000705C9F /* Debug */ = {
			isa = XCBuildConfiguration;
			buildSettings = {
				ASSETCATALOG_COMPILER_APPICON_NAME = AppIcon;
				ASSETCATALOG_COMPILER_GLOBAL_ACCENT_COLOR_NAME = AccentColor;
				CODE_SIGN_STYLE = Automatic;
				CURRENT_PROJECT_VERSION = 1;
				DEVELOPMENT_TEAM = 9GGZWXBXQ6;
				GENERATE_INFOPLIST_FILE = YES;
				INFOPLIST_FILE = KTV/Info.plist;
				INFOPLIST_KEY_UIApplicationSupportsIndirectInputEvents = YES;
				INFOPLIST_KEY_UILaunchStoryboardName = LaunchScreen;
				INFOPLIST_KEY_UIMainStoryboardFile = Main;
				INFOPLIST_KEY_UISupportedInterfaceOrientations_iPad = "UIInterfaceOrientationPortrait UIInterfaceOrientationPortraitUpsideDown UIInterfaceOrientationLandscapeLeft UIInterfaceOrientationLandscapeRight";
				INFOPLIST_KEY_UISupportedInterfaceOrientations_iPhone = "UIInterfaceOrientationPortrait UIInterfaceOrientationLandscapeLeft UIInterfaceOrientationLandscapeRight";
				LD_RUNPATH_SEARCH_PATHS = (
					"$(inherited)",
					"@executable_path/Frameworks",
				);
				MARKETING_VERSION = 1.0;
				PRODUCT_BUNDLE_IDENTIFIER = YangCustom.KTV;
				PRODUCT_NAME = "$(TARGET_NAME)";
				SWIFT_EMIT_LOC_STRINGS = YES;
				SWIFT_VERSION = 5.0;
				TARGETED_DEVICE_FAMILY = "1,2";
			};
			name = Debug;
		};
		8EDA8CE32B50F92000705C9F /* Release */ = {
			isa = XCBuildConfiguration;
			buildSettings = {
				ASSETCATALOG_COMPILER_APPICON_NAME = AppIcon;
				ASSETCATALOG_COMPILER_GLOBAL_ACCENT_COLOR_NAME = AccentColor;
				CODE_SIGN_STYLE = Automatic;
				CURRENT_PROJECT_VERSION = 1;
				DEVELOPMENT_TEAM = 9GGZWXBXQ6;
				GENERATE_INFOPLIST_FILE = YES;
				INFOPLIST_FILE = KTV/Info.plist;
				INFOPLIST_KEY_UIApplicationSupportsIndirectInputEvents = YES;
				INFOPLIST_KEY_UILaunchStoryboardName = LaunchScreen;
				INFOPLIST_KEY_UIMainStoryboardFile = Main;
				INFOPLIST_KEY_UISupportedInterfaceOrientations_iPad = "UIInterfaceOrientationPortrait UIInterfaceOrientationPortraitUpsideDown UIInterfaceOrientationLandscapeLeft UIInterfaceOrientationLandscapeRight";
				INFOPLIST_KEY_UISupportedInterfaceOrientations_iPhone = "UIInterfaceOrientationPortrait UIInterfaceOrientationLandscapeLeft UIInterfaceOrientationLandscapeRight";
				LD_RUNPATH_SEARCH_PATHS = (
					"$(inherited)",
					"@executable_path/Frameworks",
				);
				MARKETING_VERSION = 1.0;
				PRODUCT_BUNDLE_IDENTIFIER = YangCustom.KTV;
				PRODUCT_NAME = "$(TARGET_NAME)";
				SWIFT_EMIT_LOC_STRINGS = YES;
				SWIFT_VERSION = 5.0;
				TARGETED_DEVICE_FAMILY = "1,2";
			};
			name = Release;
		};
		8EDA8CE52B50F92000705C9F /* Debug */ = {
			isa = XCBuildConfiguration;
			buildSettings = {
				ALWAYS_EMBED_SWIFT_STANDARD_LIBRARIES = YES;
				BUNDLE_LOADER = "$(TEST_HOST)";
				CODE_SIGN_STYLE = Automatic;
				CURRENT_PROJECT_VERSION = 1;
				DEVELOPMENT_TEAM = 9GGZWXBXQ6;
				GENERATE_INFOPLIST_FILE = YES;
				IPHONEOS_DEPLOYMENT_TARGET = 17.2;
				MARKETING_VERSION = 1.0;
				PRODUCT_BUNDLE_IDENTIFIER = YangCustom.KTVTests;
				PRODUCT_NAME = "$(TARGET_NAME)";
				SWIFT_EMIT_LOC_STRINGS = NO;
				SWIFT_VERSION = 5.0;
				TARGETED_DEVICE_FAMILY = "1,2";
				TEST_HOST = "$(BUILT_PRODUCTS_DIR)/KTV.app/$(BUNDLE_EXECUTABLE_FOLDER_PATH)/KTV";
			};
			name = Debug;
		};
		8EDA8CE62B50F92000705C9F /* Release */ = {
			isa = XCBuildConfiguration;
			buildSettings = {
				ALWAYS_EMBED_SWIFT_STANDARD_LIBRARIES = YES;
				BUNDLE_LOADER = "$(TEST_HOST)";
				CODE_SIGN_STYLE = Automatic;
				CURRENT_PROJECT_VERSION = 1;
				DEVELOPMENT_TEAM = 9GGZWXBXQ6;
				GENERATE_INFOPLIST_FILE = YES;
				IPHONEOS_DEPLOYMENT_TARGET = 17.2;
				MARKETING_VERSION = 1.0;
				PRODUCT_BUNDLE_IDENTIFIER = YangCustom.KTVTests;
				PRODUCT_NAME = "$(TARGET_NAME)";
				SWIFT_EMIT_LOC_STRINGS = NO;
				SWIFT_VERSION = 5.0;
				TARGETED_DEVICE_FAMILY = "1,2";
				TEST_HOST = "$(BUILT_PRODUCTS_DIR)/KTV.app/$(BUNDLE_EXECUTABLE_FOLDER_PATH)/KTV";
			};
			name = Release;
		};
		8EDA8CE82B50F92000705C9F /* Debug */ = {
			isa = XCBuildConfiguration;
			buildSettings = {
				ALWAYS_EMBED_SWIFT_STANDARD_LIBRARIES = YES;
				CODE_SIGN_STYLE = Automatic;
				CURRENT_PROJECT_VERSION = 1;
				DEVELOPMENT_TEAM = 9GGZWXBXQ6;
				GENERATE_INFOPLIST_FILE = YES;
				MARKETING_VERSION = 1.0;
				PRODUCT_BUNDLE_IDENTIFIER = YangCustom.KTVUITests;
				PRODUCT_NAME = "$(TARGET_NAME)";
				SWIFT_EMIT_LOC_STRINGS = NO;
				SWIFT_VERSION = 5.0;
				TARGETED_DEVICE_FAMILY = "1,2";
				TEST_TARGET_NAME = KTV;
			};
			name = Debug;
		};
		8EDA8CE92B50F92000705C9F /* Release */ = {
			isa = XCBuildConfiguration;
			buildSettings = {
				ALWAYS_EMBED_SWIFT_STANDARD_LIBRARIES = YES;
				CODE_SIGN_STYLE = Automatic;
				CURRENT_PROJECT_VERSION = 1;
				DEVELOPMENT_TEAM = 9GGZWXBXQ6;
				GENERATE_INFOPLIST_FILE = YES;
				MARKETING_VERSION = 1.0;
				PRODUCT_BUNDLE_IDENTIFIER = YangCustom.KTVUITests;
				PRODUCT_NAME = "$(TARGET_NAME)";
				SWIFT_EMIT_LOC_STRINGS = NO;
				SWIFT_VERSION = 5.0;
				TARGETED_DEVICE_FAMILY = "1,2";
				TEST_TARGET_NAME = KTV;
			};
			name = Release;
		};
/* End XCBuildConfiguration section */

/* Begin XCConfigurationList section */
		8EDA8CB22B50F91C00705C9F /* Build configuration list for PBXProject "KTV" */ = {
			isa = XCConfigurationList;
			buildConfigurations = (
				8EDA8CDF2B50F92000705C9F /* Debug */,
				8EDA8CE02B50F92000705C9F /* Release */,
			);
			defaultConfigurationIsVisible = 0;
			defaultConfigurationName = Release;
		};
		8EDA8CE12B50F92000705C9F /* Build configuration list for PBXNativeTarget "KTV" */ = {
			isa = XCConfigurationList;
			buildConfigurations = (
				8EDA8CE22B50F92000705C9F /* Debug */,
				8EDA8CE32B50F92000705C9F /* Release */,
			);
			defaultConfigurationIsVisible = 0;
			defaultConfigurationName = Release;
		};
		8EDA8CE42B50F92000705C9F /* Build configuration list for PBXNativeTarget "KTVTests" */ = {
			isa = XCConfigurationList;
			buildConfigurations = (
				8EDA8CE52B50F92000705C9F /* Debug */,
				8EDA8CE62B50F92000705C9F /* Release */,
			);
			defaultConfigurationIsVisible = 0;
			defaultConfigurationName = Release;
		};
		8EDA8CE72B50F92000705C9F /* Build configuration list for PBXNativeTarget "KTVUITests" */ = {
			isa = XCConfigurationList;
			buildConfigurations = (
				8EDA8CE82B50F92000705C9F /* Debug */,
				8EDA8CE92B50F92000705C9F /* Release */,
			);
			defaultConfigurationIsVisible = 0;
			defaultConfigurationName = Release;
		};
/* End XCConfigurationList section */
	};
	rootObject = 8EDA8CAF2B50F91C00705C9F /* Project object */;
}
